
Microsoft Visual Studio Solution File, Format Version 12.00
# Visual Studio Version 17
VisualStudioVersion = 17.2.32630.192
MinimumVisualStudioVersion = 10.0.40219.1
Project("{54A90642-561A-4BB1-A94E-469ADEE60C69}") = "my-d-app", "my-d-app\my-d-app.esproj", "{499D783A-8390-4BEE-8BBD-FEB971DF9A3C}"
EndProject
Global
	GlobalSection(SolutionConfigurationPlatforms) = preSolution
		Debug|Any CPU = Debug|Any CPU
		Release|Any CPU = Release|Any CPU
	EndGlobalSection
	GlobalSection(ProjectConfigurationPlatforms) = postSolution
		{499D783A-8390-4BEE-8BBD-FEB971DF9A3C}.Debug|Any CPU.ActiveCfg = Debug|Any CPU
		{499D783A-8390-4BEE-8BBD-FEB971DF9A3C}.Debug|Any CPU.Build.0 = Debug|Any CPU
		{499D783A-8390-4BEE-8BBD-FEB971DF9A3C}.Debug|Any CPU.Deploy.0 = Debug|Any CPU
		{499D783A-8390-4BEE-8BBD-FEB971DF9A3C}.Release|Any CPU.ActiveCfg = Release|Any CPU
		{499D783A-8390-4BEE-8BBD-FEB971DF9A3C}.Release|Any CPU.Build.0 = Release|Any CPU
		{499D783A-8390-4BEE-8BBD-FEB971DF9A3C}.Release|Any CPU.Deploy.0 = Release|Any CPU
	EndGlobalSection
	GlobalSection(SolutionProperties) = preSolution
		HideSolutionNode = FALSE
	EndGlobalSection
	GlobalSection(ExtensibilityGlobals) = postSolution
		SolutionGuid = {A76520F2-3ABA-4C54-88E6-091C8A863772}
	EndGlobalSection
EndGlobal
